// !$*UTF8*$!
{
	archiveVersion = 1;
	classes = {
	};
	objectVersion = 50;
	objects = {

/* Begin PBXBuildFile section */
		74ACEB922997F44389C7D929 /* Pods_Kickback.framework in Frameworks */ = {isa = PBXBuildFile; fileRef = 186D215F1CCBE421EBD65B60 /* Pods_Kickback.framework */; };
		844C9DDC20FC576D0029269D /* AppDelegate.swift in Sources */ = {isa = PBXBuildFile; fileRef = 844C9DDB20FC576D0029269D /* AppDelegate.swift */; };
		844C9DDE20FC576D0029269D /* LoginViewController.swift in Sources */ = {isa = PBXBuildFile; fileRef = 844C9DDD20FC576D0029269D /* LoginViewController.swift */; };
		844C9DE120FC576D0029269D /* Main.storyboard in Resources */ = {isa = PBXBuildFile; fileRef = 844C9DDF20FC576D0029269D /* Main.storyboard */; };
		844C9DE320FC576F0029269D /* Assets.xcassets in Resources */ = {isa = PBXBuildFile; fileRef = 844C9DE220FC576F0029269D /* Assets.xcassets */; };
		844C9DE620FC576F0029269D /* LaunchScreen.storyboard in Resources */ = {isa = PBXBuildFile; fileRef = 844C9DE420FC576F0029269D /* LaunchScreen.storyboard */; };
		844C9DEE20FC5ECD0029269D /* GoogleService-Info.plist in Resources */ = {isa = PBXBuildFile; fileRef = 844C9DED20FC5ECD0029269D /* GoogleService-Info.plist */; };
		844C9DF020FC613E0029269D /* HomePageViewController.swift in Sources */ = {isa = PBXBuildFile; fileRef = 844C9DEF20FC613E0029269D /* HomePageViewController.swift */; };
		8455AB1721004956009BCBDB /* TabBarViewController.swift in Sources */ = {isa = PBXBuildFile; fileRef = 8455AB1621004956009BCBDB /* TabBarViewController.swift */; };
		8455AB1921004DF7009BCBDB /* AddStationViewController.swift in Sources */ = {isa = PBXBuildFile; fileRef = 8455AB1821004DF7009BCBDB /* AddStationViewController.swift */; };
		84EA632D20FDCC6100F84701 /* StationTableViewCell.swift in Sources */ = {isa = PBXBuildFile; fileRef = 84EA632B20FDCC6100F84701 /* StationTableViewCell.swift */; };
		84EA632E20FDCC6100F84701 /* StationTableViewCell.xib in Resources */ = {isa = PBXBuildFile; fileRef = 84EA632C20FDCC6100F84701 /* StationTableViewCell.xib */; };
		84EA633020FDD60C00F84701 /* Station.swift in Sources */ = {isa = PBXBuildFile; fileRef = 84EA632F20FDD60C00F84701 /* Station.swift */; };
/* End PBXBuildFile section */

/* Begin PBXFileReference section */
		186D215F1CCBE421EBD65B60 /* Pods_Kickback.framework */ = {isa = PBXFileReference; explicitFileType = wrapper.framework; includeInIndex = 0; path = Pods_Kickback.framework; sourceTree = BUILT_PRODUCTS_DIR; };
		19033200E184BD247ABCD82E /* Pods-Kickback.release.xcconfig */ = {isa = PBXFileReference; includeInIndex = 1; lastKnownFileType = text.xcconfig; name = "Pods-Kickback.release.xcconfig"; path = "Pods/Target Support Files/Pods-Kickback/Pods-Kickback.release.xcconfig"; sourceTree = "<group>"; };
		844C9DD820FC576D0029269D /* Kickback.app */ = {isa = PBXFileReference; explicitFileType = wrapper.application; includeInIndex = 0; path = Kickback.app; sourceTree = BUILT_PRODUCTS_DIR; };
		844C9DDB20FC576D0029269D /* AppDelegate.swift */ = {isa = PBXFileReference; lastKnownFileType = sourcecode.swift; path = AppDelegate.swift; sourceTree = "<group>"; };
		844C9DDD20FC576D0029269D /* LoginViewController.swift */ = {isa = PBXFileReference; lastKnownFileType = sourcecode.swift; path = LoginViewController.swift; sourceTree = "<group>"; };
		844C9DE020FC576D0029269D /* Base */ = {isa = PBXFileReference; lastKnownFileType = file.storyboard; name = Base; path = Base.lproj/Main.storyboard; sourceTree = "<group>"; };
		844C9DE220FC576F0029269D /* Assets.xcassets */ = {isa = PBXFileReference; lastKnownFileType = folder.assetcatalog; path = Assets.xcassets; sourceTree = "<group>"; };
		844C9DE520FC576F0029269D /* Base */ = {isa = PBXFileReference; lastKnownFileType = file.storyboard; name = Base; path = Base.lproj/LaunchScreen.storyboard; sourceTree = "<group>"; };
		844C9DE720FC576F0029269D /* Info.plist */ = {isa = PBXFileReference; lastKnownFileType = text.plist.xml; path = Info.plist; sourceTree = "<group>"; };
		844C9DED20FC5ECD0029269D /* GoogleService-Info.plist */ = {isa = PBXFileReference; fileEncoding = 4; lastKnownFileType = text.plist.xml; path = "GoogleService-Info.plist"; sourceTree = "<group>"; };
		844C9DEF20FC613E0029269D /* HomePageViewController.swift */ = {isa = PBXFileReference; lastKnownFileType = sourcecode.swift; path = HomePageViewController.swift; sourceTree = "<group>"; };
		8455AB1621004956009BCBDB /* TabBarViewController.swift */ = {isa = PBXFileReference; lastKnownFileType = sourcecode.swift; path = TabBarViewController.swift; sourceTree = "<group>"; };
		8455AB1821004DF7009BCBDB /* AddStationViewController.swift */ = {isa = PBXFileReference; lastKnownFileType = sourcecode.swift; path = AddStationViewController.swift; sourceTree = "<group>"; };
		84EA632B20FDCC6100F84701 /* StationTableViewCell.swift */ = {isa = PBXFileReference; lastKnownFileType = sourcecode.swift; path = StationTableViewCell.swift; sourceTree = "<group>"; };
		84EA632C20FDCC6100F84701 /* StationTableViewCell.xib */ = {isa = PBXFileReference; lastKnownFileType = file.xib; path = StationTableViewCell.xib; sourceTree = "<group>"; };
		84EA632F20FDD60C00F84701 /* Station.swift */ = {isa = PBXFileReference; lastKnownFileType = sourcecode.swift; path = Station.swift; sourceTree = "<group>"; };
		A9FDBA24BC6CAD2AC2A446F0 /* Pods-Kickback.debug.xcconfig */ = {isa = PBXFileReference; includeInIndex = 1; lastKnownFileType = text.xcconfig; name = "Pods-Kickback.debug.xcconfig"; path = "Pods/Target Support Files/Pods-Kickback/Pods-Kickback.debug.xcconfig"; sourceTree = "<group>"; };
/* End PBXFileReference section */

/* Begin PBXFrameworksBuildPhase section */
		844C9DD520FC576D0029269D /* Frameworks */ = {
			isa = PBXFrameworksBuildPhase;
			buildActionMask = 2147483647;
			files = (
				74ACEB922997F44389C7D929 /* Pods_Kickback.framework in Frameworks */,
			);
			runOnlyForDeploymentPostprocessing = 0;
		};
/* End PBXFrameworksBuildPhase section */

/* Begin PBXGroup section */
		844C9DCF20FC576D0029269D = {
			isa = PBXGroup;
			children = (
				844C9DDA20FC576D0029269D /* Kickback */,
				844C9DD920FC576D0029269D /* Products */,
				CEB15BB1C3CE9F40A1EFA29D /* Pods */,
				A612C54BB9BBAFCCFDE96C1C /* Frameworks */,
			);
			sourceTree = "<group>";
		};
		844C9DD920FC576D0029269D /* Products */ = {
			isa = PBXGroup;
			children = (
				844C9DD820FC576D0029269D /* Kickback.app */,
			);
			name = Products;
			sourceTree = "<group>";
		};
		844C9DDA20FC576D0029269D /* Kickback */ = {
			isa = PBXGroup;
			children = (
				8455AB1B2100554E009BCBDB /* View */,
				8455AB1A21005542009BCBDB /* Controller */,
				8455AB1C21005557009BCBDB /* Model */,
				844C9DED20FC5ECD0029269D /* GoogleService-Info.plist */,
				844C9DE720FC576F0029269D /* Info.plist */,
				844C9DE220FC576F0029269D /* Assets.xcassets */,
			);
			path = Kickback;
			sourceTree = "<group>";
		};
		8455AB1A21005542009BCBDB /* Controller */ = {
			isa = PBXGroup;
			children = (
				844C9DDB20FC576D0029269D /* AppDelegate.swift */,
				844C9DDD20FC576D0029269D /* LoginViewController.swift */,
				844C9DEF20FC613E0029269D /* HomePageViewController.swift */,
				8455AB1621004956009BCBDB /* TabBarViewController.swift */,
				8455AB1821004DF7009BCBDB /* AddStationViewController.swift */,
				8455AB1D2100557F009BCBDB /* Classes */,
			);
			path = Controller;
			sourceTree = "<group>";
		};
		8455AB1B2100554E009BCBDB /* View */ = {
			isa = PBXGroup;
			children = (
				844C9DDF20FC576D0029269D /* Main.storyboard */,
				844C9DE420FC576F0029269D /* LaunchScreen.storyboard */,
				8455AB1E21005598009BCBDB /* Custom Cells */,
			);
			path = View;
			sourceTree = "<group>";
		};
		8455AB1C21005557009BCBDB /* Model */ = {
			isa = PBXGroup;
			children = (
			);
			path = Model;
			sourceTree = "<group>";
		};
		8455AB1D2100557F009BCBDB /* Classes */ = {
			isa = PBXGroup;
			children = (
				84EA632F20FDD60C00F84701 /* Station.swift */,
			);
			path = Classes;
			sourceTree = "<group>";
		};
		8455AB1E21005598009BCBDB /* Custom Cells */ = {
			isa = PBXGroup;
			children = (
				84EA632B20FDCC6100F84701 /* StationTableViewCell.swift */,
				84EA632C20FDCC6100F84701 /* StationTableViewCell.xib */,
			);
			path = "Custom Cells";
			sourceTree = "<group>";
		};
		A612C54BB9BBAFCCFDE96C1C /* Frameworks */ = {
			isa = PBXGroup;
			children = (
				186D215F1CCBE421EBD65B60 /* Pods_Kickback.framework */,
			);
			name = Frameworks;
			sourceTree = "<group>";
		};
		CEB15BB1C3CE9F40A1EFA29D /* Pods */ = {
			isa = PBXGroup;
			children = (
				A9FDBA24BC6CAD2AC2A446F0 /* Pods-Kickback.debug.xcconfig */,
				19033200E184BD247ABCD82E /* Pods-Kickback.release.xcconfig */,
			);
			name = Pods;
			sourceTree = "<group>";
		};
/* End PBXGroup section */

/* Begin PBXNativeTarget section */
		844C9DD720FC576D0029269D /* Kickback */ = {
			isa = PBXNativeTarget;
			buildConfigurationList = 844C9DEA20FC576F0029269D /* Build configuration list for PBXNativeTarget "Kickback" */;
			buildPhases = (
				8D0768DA683567CBC6277FFF /* [CP] Check Pods Manifest.lock */,
				844C9DD420FC576D0029269D /* Sources */,
				844C9DD520FC576D0029269D /* Frameworks */,
				844C9DD620FC576D0029269D /* Resources */,
				EF3B4059D21E1472B39C5697 /* [CP] Embed Pods Frameworks */,
			);
			buildRules = (
			);
			dependencies = (
			);
			name = Kickback;
			productName = Kickback;
			productReference = 844C9DD820FC576D0029269D /* Kickback.app */;
			productType = "com.apple.product-type.application";
		};
/* End PBXNativeTarget section */

/* Begin PBXProject section */
		844C9DD020FC576D0029269D /* Project object */ = {
			isa = PBXProject;
			attributes = {
				LastSwiftUpdateCheck = 0940;
				LastUpgradeCheck = 0940;
				ORGANIZATIONNAME = "Lou DiMuro";
				TargetAttributes = {
					844C9DD720FC576D0029269D = {
						CreatedOnToolsVersion = 9.4.1;
					};
				};
			};
			buildConfigurationList = 844C9DD320FC576D0029269D /* Build configuration list for PBXProject "Kickback" */;
			compatibilityVersion = "Xcode 9.3";
			developmentRegion = en;
			hasScannedForEncodings = 0;
			knownRegions = (
				en,
				Base,
			);
			mainGroup = 844C9DCF20FC576D0029269D;
			productRefGroup = 844C9DD920FC576D0029269D /* Products */;
			projectDirPath = "";
			projectRoot = "";
			targets = (
				844C9DD720FC576D0029269D /* Kickback */,
			);
		};
/* End PBXProject section */

/* Begin PBXResourcesBuildPhase section */
		844C9DD620FC576D0029269D /* Resources */ = {
			isa = PBXResourcesBuildPhase;
			buildActionMask = 2147483647;
			files = (
				844C9DE620FC576F0029269D /* LaunchScreen.storyboard in Resources */,
				844C9DEE20FC5ECD0029269D /* GoogleService-Info.plist in Resources */,
				84EA632E20FDCC6100F84701 /* StationTableViewCell.xib in Resources */,
				844C9DE320FC576F0029269D /* Assets.xcassets in Resources */,
				844C9DE120FC576D0029269D /* Main.storyboard in Resources */,
			);
			runOnlyForDeploymentPostprocessing = 0;
		};
/* End PBXResourcesBuildPhase section */

/* Begin PBXShellScriptBuildPhase section */
		8D0768DA683567CBC6277FFF /* [CP] Check Pods Manifest.lock */ = {
			isa = PBXShellScriptBuildPhase;
			buildActionMask = 2147483647;
			files = (
			);
			inputPaths = (
				"${PODS_PODFILE_DIR_PATH}/Podfile.lock",
				"${PODS_ROOT}/Manifest.lock",
			);
			name = "[CP] Check Pods Manifest.lock";
			outputPaths = (
				"$(DERIVED_FILE_DIR)/Pods-Kickback-checkManifestLockResult.txt",
			);
			runOnlyForDeploymentPostprocessing = 0;
			shellPath = /bin/sh;
			shellScript = "diff \"${PODS_PODFILE_DIR_PATH}/Podfile.lock\" \"${PODS_ROOT}/Manifest.lock\" > /dev/null\nif [ $? != 0 ] ; then\n    # print error to STDERR\n    echo \"error: The sandbox is not in sync with the Podfile.lock. Run 'pod install' or update your CocoaPods installation.\" >&2\n    exit 1\nfi\n# This output is used by Xcode 'outputs' to avoid re-running this script phase.\necho \"SUCCESS\" > \"${SCRIPT_OUTPUT_FILE_0}\"\n";
			showEnvVarsInLog = 0;
		};
		EF3B4059D21E1472B39C5697 /* [CP] Embed Pods Frameworks */ = {
			isa = PBXShellScriptBuildPhase;
			buildActionMask = 2147483647;
			files = (
			);
			inputPaths = (
				"${SRCROOT}/Pods/Target Support Files/Pods-Kickback/Pods-Kickback-frameworks.sh",
				"${BUILT_PRODUCTS_DIR}/Alamofire/Alamofire.framework",
				"${BUILT_PRODUCTS_DIR}/GTMSessionFetcher/GTMSessionFetcher.framework",
				"${BUILT_PRODUCTS_DIR}/GoogleToolboxForMac/GoogleToolboxForMac.framework",
				"${BUILT_PRODUCTS_DIR}/PKHUD/PKHUD.framework",
				"${BUILT_PRODUCTS_DIR}/SwiftyJSON/SwiftyJSON.framework",
				"${BUILT_PRODUCTS_DIR}/SwipeCellKit/SwipeCellKit.framework",
				"${BUILT_PRODUCTS_DIR}/ZKCarousel/ZKCarousel.framework",
				"${BUILT_PRODUCTS_DIR}/leveldb-library/leveldb.framework",
				"${BUILT_PRODUCTS_DIR}/nanopb/nanopb.framework",
			);
			name = "[CP] Embed Pods Frameworks";
			outputPaths = (
				"${TARGET_BUILD_DIR}/${FRAMEWORKS_FOLDER_PATH}/Alamofire.framework",
				"${TARGET_BUILD_DIR}/${FRAMEWORKS_FOLDER_PATH}/GTMSessionFetcher.framework",
				"${TARGET_BUILD_DIR}/${FRAMEWORKS_FOLDER_PATH}/GoogleToolboxForMac.framework",
				"${TARGET_BUILD_DIR}/${FRAMEWORKS_FOLDER_PATH}/PKHUD.framework",
				"${TARGET_BUILD_DIR}/${FRAMEWORKS_FOLDER_PATH}/SwiftyJSON.framework",
				"${TARGET_BUILD_DIR}/${FRAMEWORKS_FOLDER_PATH}/SwipeCellKit.framework",
				"${TARGET_BUILD_DIR}/${FRAMEWORKS_FOLDER_PATH}/ZKCarousel.framework",
				"${TARGET_BUILD_DIR}/${FRAMEWORKS_FOLDER_PATH}/leveldb.framework",
				"${TARGET_BUILD_DIR}/${FRAMEWORKS_FOLDER_PATH}/nanopb.framework",
			);
			runOnlyForDeploymentPostprocessing = 0;
			shellPath = /bin/sh;
			shellScript = "\"${SRCROOT}/Pods/Target Support Files/Pods-Kickback/Pods-Kickback-frameworks.sh\"\n";
			showEnvVarsInLog = 0;
		};
/* End PBXShellScriptBuildPhase section */

/* Begin PBXSourcesBuildPhase section */
		844C9DD420FC576D0029269D /* Sources */ = {
			isa = PBXSourcesBuildPhase;
			buildActionMask = 2147483647;
			files = (
				844C9DDE20FC576D0029269D /* LoginViewController.swift in Sources */,
				8455AB1921004DF7009BCBDB /* AddStationViewController.swift in Sources */,
				84EA633020FDD60C00F84701 /* Station.swift in Sources */,
				844C9DDC20FC576D0029269D /* AppDelegate.swift in Sources */,
				84EA632D20FDCC6100F84701 /* StationTableViewCell.swift in Sources */,
				8455AB1721004956009BCBDB /* TabBarViewController.swift in Sources */,
				844C9DF020FC613E0029269D /* HomePageViewController.swift in Sources */,
			);
			runOnlyForDeploymentPostprocessing = 0;
		};
/* End PBXSourcesBuildPhase section */

/* Begin PBXVariantGroup section */
		844C9DDF20FC576D0029269D /* Main.storyboard */ = {
			isa = PBXVariantGroup;
			children = (
				844C9DE020FC576D0029269D /* Base */,
			);
			name = Main.storyboard;
			sourceTree = "<group>";
		};
		844C9DE420FC576F0029269D /* LaunchScreen.storyboard */ = {
			isa = PBXVariantGroup;
			children = (
				844C9DE520FC576F0029269D /* Base */,
			);
			name = LaunchScreen.storyboard;
			sourceTree = "<group>";
		};
/* End PBXVariantGroup section */

/* Begin XCBuildConfiguration section */
		844C9DE820FC576F0029269D /* Debug */ = {
			isa = XCBuildConfiguration;
			buildSettings = {
				ALWAYS_SEARCH_USER_PATHS = NO;
				CLANG_ANALYZER_NONNULL = YES;
				CLANG_ANALYZER_NUMBER_OBJECT_CONVERSION = YES_AGGRESSIVE;
				CLANG_CXX_LANGUAGE_STANDARD = "gnu++14";
				CLANG_CXX_LIBRARY = "libc++";
				CLANG_ENABLE_MODULES = YES;
				CLANG_ENABLE_OBJC_ARC = YES;
				CLANG_ENABLE_OBJC_WEAK = YES;
				CLANG_WARN_BLOCK_CAPTURE_AUTORELEASING = YES;
				CLANG_WARN_BOOL_CONVERSION = YES;
				CLANG_WARN_COMMA = YES;
				CLANG_WARN_CONSTANT_CONVERSION = YES;
				CLANG_WARN_DEPRECATED_OBJC_IMPLEMENTATIONS = YES;
				CLANG_WARN_DIRECT_OBJC_ISA_USAGE = YES_ERROR;
				CLANG_WARN_DOCUMENTATION_COMMENTS = YES;
				CLANG_WARN_EMPTY_BODY = YES;
				CLANG_WARN_ENUM_CONVERSION = YES;
				CLANG_WARN_INFINITE_RECURSION = YES;
				CLANG_WARN_INT_CONVERSION = YES;
				CLANG_WARN_NON_LITERAL_NULL_CONVERSION = YES;
				CLANG_WARN_OBJC_IMPLICIT_RETAIN_SELF = YES;
				CLANG_WARN_OBJC_LITERAL_CONVERSION = YES;
				CLANG_WARN_OBJC_ROOT_CLASS = YES_ERROR;
				CLANG_WARN_RANGE_LOOP_ANALYSIS = YES;
				CLANG_WARN_STRICT_PROTOTYPES = YES;
				CLANG_WARN_SUSPICIOUS_MOVE = YES;
				CLANG_WARN_UNGUARDED_AVAILABILITY = YES_AGGRESSIVE;
				CLANG_WARN_UNREACHABLE_CODE = YES;
				CLANG_WARN__DUPLICATE_METHOD_MATCH = YES;
				CODE_SIGN_IDENTITY = "iPhone Developer";
				COPY_PHASE_STRIP = NO;
				DEBUG_INFORMATION_FORMAT = dwarf;
				ENABLE_STRICT_OBJC_MSGSEND = YES;
				ENABLE_TESTABILITY = YES;
				GCC_C_LANGUAGE_STANDARD = gnu11;
				GCC_DYNAMIC_NO_PIC = NO;
				GCC_NO_COMMON_BLOCKS = YES;
				GCC_OPTIMIZATION_LEVEL = 0;
				GCC_PREPROCESSOR_DEFINITIONS = (
					"DEBUG=1",
					"$(inherited)",
				);
				GCC_WARN_64_TO_32_BIT_CONVERSION = YES;
				GCC_WARN_ABOUT_RETURN_TYPE = YES_ERROR;
				GCC_WARN_UNDECLARED_SELECTOR = YES;
				GCC_WARN_UNINITIALIZED_AUTOS = YES_AGGRESSIVE;
				GCC_WARN_UNUSED_FUNCTION = YES;
				GCC_WARN_UNUSED_VARIABLE = YES;
				IPHONEOS_DEPLOYMENT_TARGET = 11.4;
				MTL_ENABLE_DEBUG_INFO = YES;
				ONLY_ACTIVE_ARCH = YES;
				SDKROOT = iphoneos;
				SWIFT_ACTIVE_COMPILATION_CONDITIONS = DEBUG;
				SWIFT_OPTIMIZATION_LEVEL = "-Onone";
			};
			name = Debug;
		};
		844C9DE920FC576F0029269D /* Release */ = {
			isa = XCBuildConfiguration;
			buildSettings = {
				ALWAYS_SEARCH_USER_PATHS = NO;
				CLANG_ANALYZER_NONNULL = YES;
				CLANG_ANALYZER_NUMBER_OBJECT_CONVERSION = YES_AGGRESSIVE;
				CLANG_CXX_LANGUAGE_STANDARD = "gnu++14";
				CLANG_CXX_LIBRARY = "libc++";
				CLANG_ENABLE_MODULES = YES;
				CLANG_ENABLE_OBJC_ARC = YES;
				CLANG_ENABLE_OBJC_WEAK = YES;
				CLANG_WARN_BLOCK_CAPTURE_AUTORELEASING = YES;
				CLANG_WARN_BOOL_CONVERSION = YES;
				CLANG_WARN_COMMA = YES;
				CLANG_WARN_CONSTANT_CONVERSION = YES;
				CLANG_WARN_DEPRECATED_OBJC_IMPLEMENTATIONS = YES;
				CLANG_WARN_DIRECT_OBJC_ISA_USAGE = YES_ERROR;
				CLANG_WARN_DOCUMENTATION_COMMENTS = YES;
				CLANG_WARN_EMPTY_BODY = YES;
				CLANG_WARN_ENUM_CONVERSION = YES;
				CLANG_WARN_INFINITE_RECURSION = YES;
				CLANG_WARN_INT_CONVERSION = YES;
				CLANG_WARN_NON_LITERAL_NULL_CONVERSION = YES;
				CLANG_WARN_OBJC_IMPLICIT_RETAIN_SELF = YES;
				CLANG_WARN_OBJC_LITERAL_CONVERSION = YES;
				CLANG_WARN_OBJC_ROOT_CLASS = YES_ERROR;
				CLANG_WARN_RANGE_LOOP_ANALYSIS = YES;
				CLANG_WARN_STRICT_PROTOTYPES = YES;
				CLANG_WARN_SUSPICIOUS_MOVE = YES;
				CLANG_WARN_UNGUARDED_AVAILABILITY = YES_AGGRESSIVE;
				CLANG_WARN_UNREACHABLE_CODE = YES;
				CLANG_WARN__DUPLICATE_METHOD_MATCH = YES;
				CODE_SIGN_IDENTITY = "iPhone Developer";
				COPY_PHASE_STRIP = NO;
				DEBUG_INFORMATION_FORMAT = "dwarf-with-dsym";
				ENABLE_NS_ASSERTIONS = NO;
				ENABLE_STRICT_OBJC_MSGSEND = YES;
				GCC_C_LANGUAGE_STANDARD = gnu11;
				GCC_NO_COMMON_BLOCKS = YES;
				GCC_WARN_64_TO_32_BIT_CONVERSION = YES;
				GCC_WARN_ABOUT_RETURN_TYPE = YES_ERROR;
				GCC_WARN_UNDECLARED_SELECTOR = YES;
				GCC_WARN_UNINITIALIZED_AUTOS = YES_AGGRESSIVE;
				GCC_WARN_UNUSED_FUNCTION = YES;
				GCC_WARN_UNUSED_VARIABLE = YES;
				IPHONEOS_DEPLOYMENT_TARGET = 11.4;
				MTL_ENABLE_DEBUG_INFO = NO;
				SDKROOT = iphoneos;
				SWIFT_COMPILATION_MODE = wholemodule;
				SWIFT_OPTIMIZATION_LEVEL = "-O";
				VALIDATE_PRODUCT = YES;
			};
			name = Release;
		};
		844C9DEB20FC576F0029269D /* Debug */ = {
			isa = XCBuildConfiguration;
			baseConfigurationReference = A9FDBA24BC6CAD2AC2A446F0 /* Pods-Kickback.debug.xcconfig */;
			buildSettings = {
				ASSETCATALOG_COMPILER_APPICON_NAME = AppIcon;
				CODE_SIGN_STYLE = Automatic;
				DEVELOPMENT_TEAM = G9624NHMA4;
				INFOPLIST_FILE = Kickback/Info.plist;
				LD_RUNPATH_SEARCH_PATHS = (
					"$(inherited)",
					"@executable_path/Frameworks",
				);
				PRODUCT_BUNDLE_IDENTIFIER = com.LouDiMuro.Kickback;
				PRODUCT_NAME = "$(TARGET_NAME)";
				SWIFT_VERSION = 4.0;
				TARGETED_DEVICE_FAMILY = "1,2";
			};
			name = Debug;
		};
		844C9DEC20FC576F0029269D /* Release */ = {
			isa = XCBuildConfiguration;
			baseConfigurationReference = 19033200E184BD247ABCD82E /* Pods-Kickback.release.xcconfig */;
			buildSettings = {
				ASSETCATALOG_COMPILER_APPICON_NAME = AppIcon;
				CODE_SIGN_STYLE = Automatic;
				DEVELOPMENT_TEAM = G9624NHMA4;
				INFOPLIST_FILE = Kickback/Info.plist;
				LD_RUNPATH_SEARCH_PATHS = (
					"$(inherited)",
					"@executable_path/Frameworks",
				);
				PRODUCT_BUNDLE_IDENTIFIER = com.LouDiMuro.Kickback;
				PRODUCT_NAME = "$(TARGET_NAME)";
				SWIFT_VERSION = 4.0;
				TARGETED_DEVICE_FAMILY = "1,2";
			};
			name = Release;
		};
/* End XCBuildConfiguration section */

/* Begin XCConfigurationList section */
		844C9DD320FC576D0029269D /* Build configuration list for PBXProject "Kickback" */ = {
			isa = XCConfigurationList;
			buildConfigurations = (
				844C9DE820FC576F0029269D /* Debug */,
				844C9DE920FC576F0029269D /* Release */,
			);
			defaultConfigurationIsVisible = 0;
			defaultConfigurationName = Release;
		};
		844C9DEA20FC576F0029269D /* Build configuration list for PBXNativeTarget "Kickback" */ = {
			isa = XCConfigurationList;
			buildConfigurations = (
				844C9DEB20FC576F0029269D /* Debug */,
				844C9DEC20FC576F0029269D /* Release */,
			);
			defaultConfigurationIsVisible = 0;
			defaultConfigurationName = Release;
		};
/* End XCConfigurationList section */
	};
	rootObject = 844C9DD020FC576D0029269D /* Project object */;
}
